
Microsoft Visual Studio Solution File, Format Version 12.00
# Visual Studio Version 16
VisualStudioVersion = 16.0.31613.86
MinimumVisualStudioVersion = 10.0.40219.1
Project("{FAE04EC0-301F-11D3-BF4B-00C04F79EFBC}") = "Knight Game", "Knight Game\Knight Game.csproj", "{7FD67492-CE0D-4340-BFF4-0A8E036D3D73}"
EndProject
Global
	GlobalSection(SolutionConfigurationPlatforms) = preSolution
		Debug|Any CPU = Debug|Any CPU
		Release|Any CPU = Release|Any CPU
	EndGlobalSection
	GlobalSection(ProjectConfigurationPlatforms) = postSolution
		{7FD67492-CE0D-4340-BFF4-0A8E036D3D73}.Debug|Any CPU.ActiveCfg = Debug|Any CPU
		{7FD67492-CE0D-4340-BFF4-0A8E036D3D73}.Debug|Any CPU.Build.0 = Debug|Any CPU
		{7FD67492-CE0D-4340-BFF4-0A8E036D3D73}.Release|Any CPU.ActiveCfg = Release|Any CPU
		{7FD67492-CE0D-4340-BFF4-0A8E036D3D73}.Release|Any CPU.Build.0 = Release|Any CPU
	EndGlobalSection
	GlobalSection(SolutionProperties) = preSolution
		HideSolutionNode = FALSE
	EndGlobalSection
	GlobalSection(ExtensibilityGlobals) = postSolution
		SolutionGuid = {F79B7310-B7DE-43A9-A62B-48299A2FA8B5}
	EndGlobalSection
EndGlobal
