
Microsoft Visual Studio Solution File, Format Version 12.00
# Visual Studio Version 16
VisualStudioVersion = 16.0.31613.86
MinimumVisualStudioVersion = 10.0.40219.1
Project("{FAE04EC0-301F-11D3-BF4B-00C04F79EFBC}") = "Count symbols", "Count symbols\Count symbols.csproj", "{74D0B8EA-5A12-410C-8881-394B649C58AD}"
EndProject
Global
	GlobalSection(SolutionConfigurationPlatforms) = preSolution
		Debug|Any CPU = Debug|Any CPU
		Release|Any CPU = Release|Any CPU
	EndGlobalSection
	GlobalSection(ProjectConfigurationPlatforms) = postSolution
		{74D0B8EA-5A12-410C-8881-394B649C58AD}.Debug|Any CPU.ActiveCfg = Debug|Any CPU
		{74D0B8EA-5A12-410C-8881-394B649C58AD}.Debug|Any CPU.Build.0 = Debug|Any CPU
		{74D0B8EA-5A12-410C-8881-394B649C58AD}.Release|Any CPU.ActiveCfg = Release|Any CPU
		{74D0B8EA-5A12-410C-8881-394B649C58AD}.Release|Any CPU.Build.0 = Release|Any CPU
	EndGlobalSection
	GlobalSection(SolutionProperties) = preSolution
		HideSolutionNode = FALSE
	EndGlobalSection
	GlobalSection(ExtensibilityGlobals) = postSolution
		SolutionGuid = {BAC7BAAE-3591-4504-A388-DD86BADE7155}
	EndGlobalSection
EndGlobal
