
Microsoft Visual Studio Solution File, Format Version 12.00
# Visual Studio Version 16
VisualStudioVersion = 16.0.31613.86
MinimumVisualStudioVersion = 10.0.40219.1
Project("{FAE04EC0-301F-11D3-BF4B-00C04F79EFBC}") = "Snake Moves", "Snake Moves\Snake Moves.csproj", "{B0E87A20-E498-41DA-9D12-2E6EACBE85AB}"
EndProject
Global
	GlobalSection(SolutionConfigurationPlatforms) = preSolution
		Debug|Any CPU = Debug|Any CPU
		Release|Any CPU = Release|Any CPU
	EndGlobalSection
	GlobalSection(ProjectConfigurationPlatforms) = postSolution
		{B0E87A20-E498-41DA-9D12-2E6EACBE85AB}.Debug|Any CPU.ActiveCfg = Debug|Any CPU
		{B0E87A20-E498-41DA-9D12-2E6EACBE85AB}.Debug|Any CPU.Build.0 = Debug|Any CPU
		{B0E87A20-E498-41DA-9D12-2E6EACBE85AB}.Release|Any CPU.ActiveCfg = Release|Any CPU
		{B0E87A20-E498-41DA-9D12-2E6EACBE85AB}.Release|Any CPU.Build.0 = Release|Any CPU
	EndGlobalSection
	GlobalSection(SolutionProperties) = preSolution
		HideSolutionNode = FALSE
	EndGlobalSection
	GlobalSection(ExtensibilityGlobals) = postSolution
		SolutionGuid = {DFFBCCF3-35AC-4EAD-A5E4-0ADBAD383457}
	EndGlobalSection
EndGlobal
