
Microsoft Visual Studio Solution File, Format Version 12.00
# Visual Studio Version 16
VisualStudioVersion = 16.0.31613.86
MinimumVisualStudioVersion = 10.0.40219.1
Project("{FAE04EC0-301F-11D3-BF4B-00C04F79EFBC}") = "Wardrobe", "Wardrobe\Wardrobe.csproj", "{4689374D-BC86-44F7-B30F-B4E493840408}"
EndProject
Global
	GlobalSection(SolutionConfigurationPlatforms) = preSolution
		Debug|Any CPU = Debug|Any CPU
		Release|Any CPU = Release|Any CPU
	EndGlobalSection
	GlobalSection(ProjectConfigurationPlatforms) = postSolution
		{4689374D-BC86-44F7-B30F-B4E493840408}.Debug|Any CPU.ActiveCfg = Debug|Any CPU
		{4689374D-BC86-44F7-B30F-B4E493840408}.Debug|Any CPU.Build.0 = Debug|Any CPU
		{4689374D-BC86-44F7-B30F-B4E493840408}.Release|Any CPU.ActiveCfg = Release|Any CPU
		{4689374D-BC86-44F7-B30F-B4E493840408}.Release|Any CPU.Build.0 = Release|Any CPU
	EndGlobalSection
	GlobalSection(SolutionProperties) = preSolution
		HideSolutionNode = FALSE
	EndGlobalSection
	GlobalSection(ExtensibilityGlobals) = postSolution
		SolutionGuid = {059D4034-E44B-4E46-9E2F-65F2696BEF9E}
	EndGlobalSection
EndGlobal
