
Microsoft Visual Studio Solution File, Format Version 12.00
# Visual Studio Version 16
VisualStudioVersion = 16.0.31613.86
MinimumVisualStudioVersion = 10.0.40219.1
Project("{FAE04EC0-301F-11D3-BF4B-00C04F79EFBC}") = "List of Predicates", "List of Predicates\List of Predicates.csproj", "{2FBA1B61-2017-4E43-848D-C5DB5A6957A1}"
EndProject
Global
	GlobalSection(SolutionConfigurationPlatforms) = preSolution
		Debug|Any CPU = Debug|Any CPU
		Release|Any CPU = Release|Any CPU
	EndGlobalSection
	GlobalSection(ProjectConfigurationPlatforms) = postSolution
		{2FBA1B61-2017-4E43-848D-C5DB5A6957A1}.Debug|Any CPU.ActiveCfg = Debug|Any CPU
		{2FBA1B61-2017-4E43-848D-C5DB5A6957A1}.Debug|Any CPU.Build.0 = Debug|Any CPU
		{2FBA1B61-2017-4E43-848D-C5DB5A6957A1}.Release|Any CPU.ActiveCfg = Release|Any CPU
		{2FBA1B61-2017-4E43-848D-C5DB5A6957A1}.Release|Any CPU.Build.0 = Release|Any CPU
	EndGlobalSection
	GlobalSection(SolutionProperties) = preSolution
		HideSolutionNode = FALSE
	EndGlobalSection
	GlobalSection(ExtensibilityGlobals) = postSolution
		SolutionGuid = {1EF23C78-BCD1-4CB9-AF12-8E2369251276}
	EndGlobalSection
EndGlobal
